{
  "name": "jay-claude-plugins",
  "lockfileVersion": 3,
  "requires": true,
  "packages": {
    "cli": {
      "name": "claude-ticket-status",
      "version": "1.0.0",
      "extraneous": true,
      "dependencies": {
        "chalk": "^5.3.0"
      },
      "bin": {
        "ticket-status": "bin/ticket-status.js"
      }
    }
  }
}
